
Microsoft Visual Studio Solution File, Format Version 12.00
# Visual Studio Version 16
VisualStudioVersion = 16.0.29215.179
MinimumVisualStudioVersion = 10.0.40219.1
Project("{FAE04EC0-301F-11D3-BF4B-00C04F79EFBC}") = "database2", "database2\database2.csproj", "{C358E797-7BE2-4AD0-80D7-17FAA359CACF}"
EndProject
Global
	GlobalSection(SolutionConfigurationPlatforms) = preSolution
		Debug|Any CPU = Debug|Any CPU
		Release|Any CPU = Release|Any CPU
	EndGlobalSection
	GlobalSection(ProjectConfigurationPlatforms) = postSolution
		{C358E797-7BE2-4AD0-80D7-17FAA359CACF}.Debug|Any CPU.ActiveCfg = Debug|Any CPU
		{C358E797-7BE2-4AD0-80D7-17FAA359CACF}.Debug|Any CPU.Build.0 = Debug|Any CPU
		{C358E797-7BE2-4AD0-80D7-17FAA359CACF}.Release|Any CPU.ActiveCfg = Release|Any CPU
		{C358E797-7BE2-4AD0-80D7-17FAA359CACF}.Release|Any CPU.Build.0 = Release|Any CPU
	EndGlobalSection
	GlobalSection(SolutionProperties) = preSolution
		HideSolutionNode = FALSE
	EndGlobalSection
	GlobalSection(ExtensibilityGlobals) = postSolution
		SolutionGuid = {4A82208F-8B0D-4EA8-AB02-95094BBAAA45}
	EndGlobalSection
EndGlobal
